// !$*UTF8*$!
{
	archiveVersion = 1;
	classes = {
	};
	objectVersion = 50;
	objects = {

/* Begin PBXBuildFile section */
		0E04933A2486D04600E66269 /* SettingsController.swift in Sources */ = {isa = PBXBuildFile; fileRef = 0E0493392486D04600E66269 /* SettingsController.swift */; };
		0E04935C24873CE900E66269 /* SpotifyiOS.framework in Frameworks */ = {isa = PBXBuildFile; fileRef = 0E0493462487379700E66269 /* SpotifyiOS.framework */; };
		0E04AFEE249336FB0008843A /* EmbeddedButton.swift in Sources */ = {isa = PBXBuildFile; fileRef = 0E04AFED249336FB0008843A /* EmbeddedButton.swift */; };
		0E2FF779249B0F5800B8B3DD /* NowPlayingView.swift in Sources */ = {isa = PBXBuildFile; fileRef = 0E2FF778249B0F5800B8B3DD /* NowPlayingView.swift */; };
		0E3007D02478E274006F0394 /* LyricsController.swift in Sources */ = {isa = PBXBuildFile; fileRef = 0E3007CF2478E274006F0394 /* LyricsController.swift */; };
		0E3007D22478E36F006F0394 /* Cache.swift in Sources */ = {isa = PBXBuildFile; fileRef = 0E3007D12478E36F006F0394 /* Cache.swift */; };
		0E43E5FF2491D035001B08A6 /* GenericMusicPlayer.swift in Sources */ = {isa = PBXBuildFile; fileRef = 0E43E5FE2491D035001B08A6 /* GenericMusicPlayer.swift */; };
		0E43E6012491D3EB001B08A6 /* SpotifyMusicPlayer.swift in Sources */ = {isa = PBXBuildFile; fileRef = 0E43E6002491D3EB001B08A6 /* SpotifyMusicPlayer.swift */; };
		0E568145248475A100F7A814 /* CGRect+Extension.swift in Sources */ = {isa = PBXBuildFile; fileRef = 0E568144248475A100F7A814 /* CGRect+Extension.swift */; };
		0E6A7CE92478B1EA000C5BC7 /* DefaultImageView.swift in Sources */ = {isa = PBXBuildFile; fileRef = 0E6A7CE82478B1EA000C5BC7 /* DefaultImageView.swift */; };
		0E7803D4246C369500EDC824 /* DefaultButton.swift in Sources */ = {isa = PBXBuildFile; fileRef = 0E7803D3246C369500EDC824 /* DefaultButton.swift */; };
		0E7803D6246C421700EDC824 /* AppleMusicPlayer.swift in Sources */ = {isa = PBXBuildFile; fileRef = 0E7803D5246C421700EDC824 /* AppleMusicPlayer.swift */; };
		0E7803D8246C443400EDC824 /* Song.swift in Sources */ = {isa = PBXBuildFile; fileRef = 0E7803D7246C443400EDC824 /* Song.swift */; };
		0E80E5E324A192290086C479 /* NowPlayingView.xib in Resources */ = {isa = PBXBuildFile; fileRef = 0E80E5E224A192290086C479 /* NowPlayingView.xib */; };
		0E91D996248DEA2800A3F6F1 /* FloatingPoint+Extension.swift in Sources */ = {isa = PBXBuildFile; fileRef = 0E91D995248DEA2700A3F6F1 /* FloatingPoint+Extension.swift */; };
		0EAA087C2471F85500A0EC73 /* Queue.swift in Sources */ = {isa = PBXBuildFile; fileRef = 0EAA087B2471F85500A0EC73 /* Queue.swift */; };
		0EB94A3C2463961100BC6717 /* AppDelegate.swift in Sources */ = {isa = PBXBuildFile; fileRef = 0EB94A3B2463961100BC6717 /* AppDelegate.swift */; };
		0EB94A3E2463961100BC6717 /* SceneDelegate.swift in Sources */ = {isa = PBXBuildFile; fileRef = 0EB94A3D2463961100BC6717 /* SceneDelegate.swift */; };
		0EB94A452463961700BC6717 /* Assets.xcassets in Resources */ = {isa = PBXBuildFile; fileRef = 0EB94A442463961700BC6717 /* Assets.xcassets */; };
		0EB94A482463961700BC6717 /* LaunchScreen.storyboard in Resources */ = {isa = PBXBuildFile; fileRef = 0EB94A462463961700BC6717 /* LaunchScreen.storyboard */; };
		0EB94A502463965500BC6717 /* UIColor+Extension.swift in Sources */ = {isa = PBXBuildFile; fileRef = 0EB94A4F2463965500BC6717 /* UIColor+Extension.swift */; };
		0EE2CF55248EFED200B215A6 /* MusicButton.swift in Sources */ = {isa = PBXBuildFile; fileRef = 0EE2CF54248EFED200B215A6 /* MusicButton.swift */; };
		0EF6EF5124849635005BCA7F /* DefaultSlider.swift in Sources */ = {isa = PBXBuildFile; fileRef = 0EF6EF5024849635005BCA7F /* DefaultSlider.swift */; };
		0EF6EF53248499E6005BCA7F /* DefaultView.swift in Sources */ = {isa = PBXBuildFile; fileRef = 0EF6EF52248499E6005BCA7F /* DefaultView.swift */; };
		0EF6EF5524864292005BCA7F /* Main.storyboard in Resources */ = {isa = PBXBuildFile; fileRef = 0EF6EF5424864292005BCA7F /* Main.storyboard */; };
		0EF6EF59248643D4005BCA7F /* HomeViewController.swift in Sources */ = {isa = PBXBuildFile; fileRef = 0EF6EF58248643D4005BCA7F /* HomeViewController.swift */; };
		0EF9113E2478903200777358 /* TimeInterval+Extension.swift in Sources */ = {isa = PBXBuildFile; fileRef = 0EF9113D2478903200777358 /* TimeInterval+Extension.swift */; };
		0EFCD671248ED5480085EAA2 /* SongOptionView.swift in Sources */ = {isa = PBXBuildFile; fileRef = 0EFCD670248ED5480085EAA2 /* SongOptionView.swift */; };
/* End PBXBuildFile section */

/* Begin PBXFileReference section */
		0E0493392486D04600E66269 /* SettingsController.swift */ = {isa = PBXFileReference; lastKnownFileType = sourcecode.swift; path = SettingsController.swift; sourceTree = "<group>"; };
		0E0493462487379700E66269 /* SpotifyiOS.framework */ = {isa = PBXFileReference; lastKnownFileType = wrapper.framework; path = SpotifyiOS.framework; sourceTree = "<group>"; };
		0E04935224873A7F00E66269 /* NeoMusic-Bridging-Header.h */ = {isa = PBXFileReference; lastKnownFileType = sourcecode.c.h; path = "NeoMusic-Bridging-Header.h"; sourceTree = "<group>"; };
		0E04AFED249336FB0008843A /* EmbeddedButton.swift */ = {isa = PBXFileReference; lastKnownFileType = sourcecode.swift; path = EmbeddedButton.swift; sourceTree = "<group>"; };
		0E2FF778249B0F5800B8B3DD /* NowPlayingView.swift */ = {isa = PBXFileReference; lastKnownFileType = sourcecode.swift; path = NowPlayingView.swift; sourceTree = "<group>"; };
		0E3007CF2478E274006F0394 /* LyricsController.swift */ = {isa = PBXFileReference; lastKnownFileType = sourcecode.swift; path = LyricsController.swift; sourceTree = "<group>"; };
		0E3007D12478E36F006F0394 /* Cache.swift */ = {isa = PBXFileReference; lastKnownFileType = sourcecode.swift; path = Cache.swift; sourceTree = "<group>"; };
		0E43E5FE2491D035001B08A6 /* GenericMusicPlayer.swift */ = {isa = PBXFileReference; lastKnownFileType = sourcecode.swift; path = GenericMusicPlayer.swift; sourceTree = "<group>"; };
		0E43E6002491D3EB001B08A6 /* SpotifyMusicPlayer.swift */ = {isa = PBXFileReference; lastKnownFileType = sourcecode.swift; path = SpotifyMusicPlayer.swift; sourceTree = "<group>"; };
		0E568144248475A100F7A814 /* CGRect+Extension.swift */ = {isa = PBXFileReference; lastKnownFileType = sourcecode.swift; path = "CGRect+Extension.swift"; sourceTree = "<group>"; };
		0E6A7CE82478B1EA000C5BC7 /* DefaultImageView.swift */ = {isa = PBXFileReference; lastKnownFileType = sourcecode.swift; path = DefaultImageView.swift; sourceTree = "<group>"; };
		0E7803D3246C369500EDC824 /* DefaultButton.swift */ = {isa = PBXFileReference; lastKnownFileType = sourcecode.swift; path = DefaultButton.swift; sourceTree = "<group>"; };
		0E7803D5246C421700EDC824 /* AppleMusicPlayer.swift */ = {isa = PBXFileReference; lastKnownFileType = sourcecode.swift; path = AppleMusicPlayer.swift; sourceTree = "<group>"; };
		0E7803D7246C443400EDC824 /* Song.swift */ = {isa = PBXFileReference; lastKnownFileType = sourcecode.swift; path = Song.swift; sourceTree = "<group>"; };
		0E80E5E224A192290086C479 /* NowPlayingView.xib */ = {isa = PBXFileReference; lastKnownFileType = file.xib; path = NowPlayingView.xib; sourceTree = "<group>"; };
		0E91D995248DEA2700A3F6F1 /* FloatingPoint+Extension.swift */ = {isa = PBXFileReference; lastKnownFileType = sourcecode.swift; path = "FloatingPoint+Extension.swift"; sourceTree = "<group>"; };
		0EAA087B2471F85500A0EC73 /* Queue.swift */ = {isa = PBXFileReference; lastKnownFileType = sourcecode.swift; path = Queue.swift; sourceTree = "<group>"; };
		0EB94A382463961100BC6717 /* NeoMusic.app */ = {isa = PBXFileReference; explicitFileType = wrapper.application; includeInIndex = 0; path = NeoMusic.app; sourceTree = BUILT_PRODUCTS_DIR; };
		0EB94A3B2463961100BC6717 /* AppDelegate.swift */ = {isa = PBXFileReference; lastKnownFileType = sourcecode.swift; path = AppDelegate.swift; sourceTree = "<group>"; };
		0EB94A3D2463961100BC6717 /* SceneDelegate.swift */ = {isa = PBXFileReference; lastKnownFileType = sourcecode.swift; path = SceneDelegate.swift; sourceTree = "<group>"; };
		0EB94A442463961700BC6717 /* Assets.xcassets */ = {isa = PBXFileReference; lastKnownFileType = folder.assetcatalog; path = Assets.xcassets; sourceTree = "<group>"; };
		0EB94A472463961700BC6717 /* Base */ = {isa = PBXFileReference; lastKnownFileType = file.storyboard; name = Base; path = Base.lproj/LaunchScreen.storyboard; sourceTree = "<group>"; };
		0EB94A492463961700BC6717 /* Info.plist */ = {isa = PBXFileReference; lastKnownFileType = text.plist.xml; path = Info.plist; sourceTree = "<group>"; };
		0EB94A4F2463965500BC6717 /* UIColor+Extension.swift */ = {isa = PBXFileReference; fileEncoding = 4; lastKnownFileType = sourcecode.swift; path = "UIColor+Extension.swift"; sourceTree = "<group>"; };
		0EE2CF54248EFED200B215A6 /* MusicButton.swift */ = {isa = PBXFileReference; lastKnownFileType = sourcecode.swift; path = MusicButton.swift; sourceTree = "<group>"; };
		0EF6EF5024849635005BCA7F /* DefaultSlider.swift */ = {isa = PBXFileReference; lastKnownFileType = sourcecode.swift; path = DefaultSlider.swift; sourceTree = "<group>"; };
		0EF6EF52248499E6005BCA7F /* DefaultView.swift */ = {isa = PBXFileReference; lastKnownFileType = sourcecode.swift; path = DefaultView.swift; sourceTree = "<group>"; };
		0EF6EF5424864292005BCA7F /* Main.storyboard */ = {isa = PBXFileReference; lastKnownFileType = file.storyboard; path = Main.storyboard; sourceTree = "<group>"; };
		0EF6EF58248643D4005BCA7F /* HomeViewController.swift */ = {isa = PBXFileReference; lastKnownFileType = sourcecode.swift; path = HomeViewController.swift; sourceTree = "<group>"; };
		0EF9113D2478903200777358 /* TimeInterval+Extension.swift */ = {isa = PBXFileReference; lastKnownFileType = sourcecode.swift; path = "TimeInterval+Extension.swift"; sourceTree = "<group>"; };
		0EFCD670248ED5480085EAA2 /* SongOptionView.swift */ = {isa = PBXFileReference; lastKnownFileType = sourcecode.swift; path = SongOptionView.swift; sourceTree = "<group>"; };
/* End PBXFileReference section */

/* Begin PBXFrameworksBuildPhase section */
		0EB94A352463961100BC6717 /* Frameworks */ = {
			isa = PBXFrameworksBuildPhase;
			buildActionMask = 2147483647;
			files = (
				0E04935C24873CE900E66269 /* SpotifyiOS.framework in Frameworks */,
			);
			runOnlyForDeploymentPostprocessing = 0;
		};
/* End PBXFrameworksBuildPhase section */

/* Begin PBXGroup section */
		0E0493412487371500E66269 /* Frameworks */ = {
			isa = PBXGroup;
			children = (
				0E0493462487379700E66269 /* SpotifyiOS.framework */,
			);
			name = Frameworks;
			sourceTree = "<group>";
		};
		0E04AFEF249337F40008843A /* Embedded Custom Views */ = {
			isa = PBXGroup;
			children = (
				0E04AFED249336FB0008843A /* EmbeddedButton.swift */,
			);
			path = "Embedded Custom Views";
			sourceTree = "<group>";
		};
		0E104AF2247882BC00C1D0AF /* Resources */ = {
			isa = PBXGroup;
			children = (
				0EB94A3B2463961100BC6717 /* AppDelegate.swift */,
				0EB94A3D2463961100BC6717 /* SceneDelegate.swift */,
				0EB94A442463961700BC6717 /* Assets.xcassets */,
				0EB94A492463961700BC6717 /* Info.plist */,
				0E04935224873A7F00E66269 /* NeoMusic-Bridging-Header.h */,
			);
			path = Resources;
			sourceTree = "<group>";
		};
		0E104AF3247882CC00C1D0AF /* View Controllers */ = {
			isa = PBXGroup;
			children = (
				0EF6EF58248643D4005BCA7F /* HomeViewController.swift */,
			);
			path = "View Controllers";
			sourceTree = "<group>";
		};
		0E104AF4247882EF00C1D0AF /* Models */ = {
			isa = PBXGroup;
			children = (
				0E7803D7246C443400EDC824 /* Song.swift */,
				0EAA087B2471F85500A0EC73 /* Queue.swift */,
			);
			path = Models;
			sourceTree = "<group>";
		};
		0E104AF52478830400C1D0AF /* Model Controllers */ = {
			isa = PBXGroup;
			children = (
				0E43E5FE2491D035001B08A6 /* GenericMusicPlayer.swift */,
				0E7803D5246C421700EDC824 /* AppleMusicPlayer.swift */,
				0E43E6002491D3EB001B08A6 /* SpotifyMusicPlayer.swift */,
				0E3007CF2478E274006F0394 /* LyricsController.swift */,
				0E3007D12478E36F006F0394 /* Cache.swift */,
				0E0493392486D04600E66269 /* SettingsController.swift */,
			);
			path = "Model Controllers";
			sourceTree = "<group>";
		};
		0E104AF62478831200C1D0AF /* Custom Views */ = {
			isa = PBXGroup;
			children = (
				0E2FF778249B0F5800B8B3DD /* NowPlayingView.swift */,
				0E7803D3246C369500EDC824 /* DefaultButton.swift */,
				0E6A7CE82478B1EA000C5BC7 /* DefaultImageView.swift */,
				0EF6EF5024849635005BCA7F /* DefaultSlider.swift */,
				0EF6EF52248499E6005BCA7F /* DefaultView.swift */,
				0EFCD670248ED5480085EAA2 /* SongOptionView.swift */,
				0EE2CF54248EFED200B215A6 /* MusicButton.swift */,
				0E04AFEF249337F40008843A /* Embedded Custom Views */,
			);
			path = "Custom Views";
			sourceTree = "<group>";
		};
		0E104AF72478831E00C1D0AF /* Storyboards */ = {
			isa = PBXGroup;
			children = (
				0EF6EF5424864292005BCA7F /* Main.storyboard */,
				0EB94A462463961700BC6717 /* LaunchScreen.storyboard */,
				0E80E5E224A192290086C479 /* NowPlayingView.xib */,
			);
			path = Storyboards;
			sourceTree = "<group>";
		};
		0E104AF82478832A00C1D0AF /* Helpers */ = {
			isa = PBXGroup;
			children = (
				0EB94A4F2463965500BC6717 /* UIColor+Extension.swift */,
				0EF9113D2478903200777358 /* TimeInterval+Extension.swift */,
				0E568144248475A100F7A814 /* CGRect+Extension.swift */,
				0E91D995248DEA2700A3F6F1 /* FloatingPoint+Extension.swift */,
			);
			path = Helpers;
			sourceTree = "<group>";
		};
		0EB94A2F2463961100BC6717 = {
			isa = PBXGroup;
			children = (
				0EB94A3A2463961100BC6717 /* NeoMusic */,
				0EB94A392463961100BC6717 /* Products */,
				0E0493412487371500E66269 /* Frameworks */,
			);
			sourceTree = "<group>";
		};
		0EB94A392463961100BC6717 /* Products */ = {
			isa = PBXGroup;
			children = (
				0EB94A382463961100BC6717 /* NeoMusic.app */,
			);
			name = Products;
			sourceTree = "<group>";
		};
		0EB94A3A2463961100BC6717 /* NeoMusic */ = {
			isa = PBXGroup;
			children = (
				0E104AF2247882BC00C1D0AF /* Resources */,
				0E104AF3247882CC00C1D0AF /* View Controllers */,
				0E104AF4247882EF00C1D0AF /* Models */,
				0E104AF52478830400C1D0AF /* Model Controllers */,
				0E104AF62478831200C1D0AF /* Custom Views */,
				0E104AF72478831E00C1D0AF /* Storyboards */,
				0E104AF82478832A00C1D0AF /* Helpers */,
			);
			path = NeoMusic;
			sourceTree = "<group>";
		};
/* End PBXGroup section */

/* Begin PBXNativeTarget section */
		0EB94A372463961100BC6717 /* NeoMusic */ = {
			isa = PBXNativeTarget;
			buildConfigurationList = 0EB94A4C2463961700BC6717 /* Build configuration list for PBXNativeTarget "NeoMusic" */;
			buildPhases = (
				0EB94A342463961100BC6717 /* Sources */,
				0EB94A352463961100BC6717 /* Frameworks */,
				0EB94A362463961100BC6717 /* Resources */,
			);
			buildRules = (
			);
			dependencies = (
			);
			name = NeoMusic;
			productName = NeoMusic;
			productReference = 0EB94A382463961100BC6717 /* NeoMusic.app */;
			productType = "com.apple.product-type.application";
		};
/* End PBXNativeTarget section */

/* Begin PBXProject section */
		0EB94A302463961100BC6717 /* Project object */ = {
			isa = PBXProject;
			attributes = {
				LastSwiftUpdateCheck = 1140;
				LastUpgradeCheck = 1140;
				ORGANIZATIONNAME = "Mazjap Co";
				TargetAttributes = {
					0EB94A372463961100BC6717 = {
						CreatedOnToolsVersion = 11.4.1;
						LastSwiftMigration = 1140;
					};
				};
			};
			buildConfigurationList = 0EB94A332463961100BC6717 /* Build configuration list for PBXProject "NeoMusic" */;
			compatibilityVersion = "Xcode 9.3";
			developmentRegion = en;
			hasScannedForEncodings = 0;
			knownRegions = (
				en,
				Base,
			);
			mainGroup = 0EB94A2F2463961100BC6717;
			productRefGroup = 0EB94A392463961100BC6717 /* Products */;
			projectDirPath = "";
			projectRoot = "";
			targets = (
				0EB94A372463961100BC6717 /* NeoMusic */,
			);
		};
/* End PBXProject section */

/* Begin PBXResourcesBuildPhase section */
		0EB94A362463961100BC6717 /* Resources */ = {
			isa = PBXResourcesBuildPhase;
			buildActionMask = 2147483647;
			files = (
				0EB94A482463961700BC6717 /* LaunchScreen.storyboard in Resources */,
				0EB94A452463961700BC6717 /* Assets.xcassets in Resources */,
				0EF6EF5524864292005BCA7F /* Main.storyboard in Resources */,
				0E80E5E324A192290086C479 /* NowPlayingView.xib in Resources */,
			);
			runOnlyForDeploymentPostprocessing = 0;
		};
/* End PBXResourcesBuildPhase section */

/* Begin PBXSourcesBuildPhase section */
		0EB94A342463961100BC6717 /* Sources */ = {
			isa = PBXSourcesBuildPhase;
			buildActionMask = 2147483647;
			files = (
				0EF6EF5124849635005BCA7F /* DefaultSlider.swift in Sources */,
				0E43E6012491D3EB001B08A6 /* SpotifyMusicPlayer.swift in Sources */,
				0EE2CF55248EFED200B215A6 /* MusicButton.swift in Sources */,
				0E6A7CE92478B1EA000C5BC7 /* DefaultImageView.swift in Sources */,
				0E7803D8246C443400EDC824 /* Song.swift in Sources */,
				0E04933A2486D04600E66269 /* SettingsController.swift in Sources */,
				0E7803D4246C369500EDC824 /* DefaultButton.swift in Sources */,
				0EAA087C2471F85500A0EC73 /* Queue.swift in Sources */,
				0E7803D6246C421700EDC824 /* AppleMusicPlayer.swift in Sources */,
				0EB94A3C2463961100BC6717 /* AppDelegate.swift in Sources */,
				0EF9113E2478903200777358 /* TimeInterval+Extension.swift in Sources */,
				0E04AFEE249336FB0008843A /* EmbeddedButton.swift in Sources */,
				0E568145248475A100F7A814 /* CGRect+Extension.swift in Sources */,
				0EB94A3E2463961100BC6717 /* SceneDelegate.swift in Sources */,
				0EF6EF59248643D4005BCA7F /* HomeViewController.swift in Sources */,
				0EFCD671248ED5480085EAA2 /* SongOptionView.swift in Sources */,
				0EF6EF53248499E6005BCA7F /* DefaultView.swift in Sources */,
				0E2FF779249B0F5800B8B3DD /* NowPlayingView.swift in Sources */,
				0E91D996248DEA2800A3F6F1 /* FloatingPoint+Extension.swift in Sources */,
				0EB94A502463965500BC6717 /* UIColor+Extension.swift in Sources */,
				0E43E5FF2491D035001B08A6 /* GenericMusicPlayer.swift in Sources */,
				0E3007D22478E36F006F0394 /* Cache.swift in Sources */,
				0E3007D02478E274006F0394 /* LyricsController.swift in Sources */,
			);
			runOnlyForDeploymentPostprocessing = 0;
		};
/* End PBXSourcesBuildPhase section */

/* Begin PBXVariantGroup section */
		0EB94A462463961700BC6717 /* LaunchScreen.storyboard */ = {
			isa = PBXVariantGroup;
			children = (
				0EB94A472463961700BC6717 /* Base */,
			);
			name = LaunchScreen.storyboard;
			sourceTree = "<group>";
		};
/* End PBXVariantGroup section */

/* Begin XCBuildConfiguration section */
		0EB94A4A2463961700BC6717 /* Debug */ = {
			isa = XCBuildConfiguration;
			buildSettings = {
				ALWAYS_SEARCH_USER_PATHS = NO;
				CLANG_ANALYZER_NONNULL = YES;
				CLANG_ANALYZER_NUMBER_OBJECT_CONVERSION = YES_AGGRESSIVE;
				CLANG_CXX_LANGUAGE_STANDARD = "gnu++14";
				CLANG_CXX_LIBRARY = "libc++";
				CLANG_ENABLE_MODULES = YES;
				CLANG_ENABLE_OBJC_ARC = YES;
				CLANG_ENABLE_OBJC_WEAK = YES;
				CLANG_WARN_BLOCK_CAPTURE_AUTORELEASING = YES;
				CLANG_WARN_BOOL_CONVERSION = YES;
				CLANG_WARN_COMMA = YES;
				CLANG_WARN_CONSTANT_CONVERSION = YES;
				CLANG_WARN_DEPRECATED_OBJC_IMPLEMENTATIONS = YES;
				CLANG_WARN_DIRECT_OBJC_ISA_USAGE = YES_ERROR;
				CLANG_WARN_DOCUMENTATION_COMMENTS = YES;
				CLANG_WARN_EMPTY_BODY = YES;
				CLANG_WARN_ENUM_CONVERSION = YES;
				CLANG_WARN_INFINITE_RECURSION = YES;
				CLANG_WARN_INT_CONVERSION = YES;
				CLANG_WARN_NON_LITERAL_NULL_CONVERSION = YES;
				CLANG_WARN_OBJC_IMPLICIT_RETAIN_SELF = YES;
				CLANG_WARN_OBJC_LITERAL_CONVERSION = YES;
				CLANG_WARN_OBJC_ROOT_CLASS = YES_ERROR;
				CLANG_WARN_RANGE_LOOP_ANALYSIS = YES;
				CLANG_WARN_STRICT_PROTOTYPES = YES;
				CLANG_WARN_SUSPICIOUS_MOVE = YES;
				CLANG_WARN_UNGUARDED_AVAILABILITY = YES_AGGRESSIVE;
				CLANG_WARN_UNREACHABLE_CODE = YES;
				CLANG_WARN__DUPLICATE_METHOD_MATCH = YES;
				COPY_PHASE_STRIP = NO;
				DEBUG_INFORMATION_FORMAT = dwarf;
				ENABLE_STRICT_OBJC_MSGSEND = YES;
				ENABLE_TESTABILITY = YES;
				GCC_C_LANGUAGE_STANDARD = gnu11;
				GCC_DYNAMIC_NO_PIC = NO;
				GCC_NO_COMMON_BLOCKS = YES;
				GCC_OPTIMIZATION_LEVEL = 0;
				GCC_PREPROCESSOR_DEFINITIONS = (
					"DEBUG=1",
					"$(inherited)",
				);
				GCC_WARN_64_TO_32_BIT_CONVERSION = YES;
				GCC_WARN_ABOUT_RETURN_TYPE = YES_ERROR;
				GCC_WARN_UNDECLARED_SELECTOR = YES;
				GCC_WARN_UNINITIALIZED_AUTOS = YES_AGGRESSIVE;
				GCC_WARN_UNUSED_FUNCTION = YES;
				GCC_WARN_UNUSED_VARIABLE = YES;
				IPHONEOS_DEPLOYMENT_TARGET = 13.4;
				MTL_ENABLE_DEBUG_INFO = INCLUDE_SOURCE;
				MTL_FAST_MATH = YES;
				ONLY_ACTIVE_ARCH = YES;
				SDKROOT = iphoneos;
				SWIFT_ACTIVE_COMPILATION_CONDITIONS = DEBUG;
				SWIFT_OPTIMIZATION_LEVEL = "-Onone";
			};
			name = Debug;
		};
		0EB94A4B2463961700BC6717 /* Release */ = {
			isa = XCBuildConfiguration;
			buildSettings = {
				ALWAYS_SEARCH_USER_PATHS = NO;
				CLANG_ANALYZER_NONNULL = YES;
				CLANG_ANALYZER_NUMBER_OBJECT_CONVERSION = YES_AGGRESSIVE;
				CLANG_CXX_LANGUAGE_STANDARD = "gnu++14";
				CLANG_CXX_LIBRARY = "libc++";
				CLANG_ENABLE_MODULES = YES;
				CLANG_ENABLE_OBJC_ARC = YES;
				CLANG_ENABLE_OBJC_WEAK = YES;
				CLANG_WARN_BLOCK_CAPTURE_AUTORELEASING = YES;
				CLANG_WARN_BOOL_CONVERSION = YES;
				CLANG_WARN_COMMA = YES;
				CLANG_WARN_CONSTANT_CONVERSION = YES;
				CLANG_WARN_DEPRECATED_OBJC_IMPLEMENTATIONS = YES;
				CLANG_WARN_DIRECT_OBJC_ISA_USAGE = YES_ERROR;
				CLANG_WARN_DOCUMENTATION_COMMENTS = YES;
				CLANG_WARN_EMPTY_BODY = YES;
				CLANG_WARN_ENUM_CONVERSION = YES;
				CLANG_WARN_INFINITE_RECURSION = YES;
				CLANG_WARN_INT_CONVERSION = YES;
				CLANG_WARN_NON_LITERAL_NULL_CONVERSION = YES;
				CLANG_WARN_OBJC_IMPLICIT_RETAIN_SELF = YES;
				CLANG_WARN_OBJC_LITERAL_CONVERSION = YES;
				CLANG_WARN_OBJC_ROOT_CLASS = YES_ERROR;
				CLANG_WARN_RANGE_LOOP_ANALYSIS = YES;
				CLANG_WARN_STRICT_PROTOTYPES = YES;
				CLANG_WARN_SUSPICIOUS_MOVE = YES;
				CLANG_WARN_UNGUARDED_AVAILABILITY = YES_AGGRESSIVE;
				CLANG_WARN_UNREACHABLE_CODE = YES;
				CLANG_WARN__DUPLICATE_METHOD_MATCH = YES;
				COPY_PHASE_STRIP = NO;
				DEBUG_INFORMATION_FORMAT = "dwarf-with-dsym";
				ENABLE_NS_ASSERTIONS = NO;
				ENABLE_STRICT_OBJC_MSGSEND = YES;
				GCC_C_LANGUAGE_STANDARD = gnu11;
				GCC_NO_COMMON_BLOCKS = YES;
				GCC_WARN_64_TO_32_BIT_CONVERSION = YES;
				GCC_WARN_ABOUT_RETURN_TYPE = YES_ERROR;
				GCC_WARN_UNDECLARED_SELECTOR = YES;
				GCC_WARN_UNINITIALIZED_AUTOS = YES_AGGRESSIVE;
				GCC_WARN_UNUSED_FUNCTION = YES;
				GCC_WARN_UNUSED_VARIABLE = YES;
				IPHONEOS_DEPLOYMENT_TARGET = 13.4;
				MTL_ENABLE_DEBUG_INFO = NO;
				MTL_FAST_MATH = YES;
				SDKROOT = iphoneos;
				SWIFT_COMPILATION_MODE = wholemodule;
				SWIFT_OPTIMIZATION_LEVEL = "-O";
				VALIDATE_PRODUCT = YES;
			};
			name = Release;
		};
		0EB94A4D2463961700BC6717 /* Debug */ = {
			isa = XCBuildConfiguration;
			buildSettings = {
				ASSETCATALOG_COMPILER_APPICON_NAME = AppIcon;
				CLANG_ENABLE_MODULES = YES;
				CODE_SIGN_STYLE = Automatic;
				DEVELOPMENT_TEAM = HFR8F4BT7E;
				FRAMEWORK_SEARCH_PATHS = (
					"$(inherited)",
					"$(PROJECT_DIR)",
				);
				INFOPLIST_FILE = NeoMusic/Resources/Info.plist;
				IPHONEOS_DEPLOYMENT_TARGET = 13.0;
				LD_RUNPATH_SEARCH_PATHS = (
					"$(inherited)",
					"@executable_path/Frameworks",
				);
				PRODUCT_BUNDLE_IDENTIFIER = com.mazjap.NeoMusic;
				PRODUCT_NAME = "$(TARGET_NAME)";
				SWIFT_OBJC_BRIDGING_HEADER = "NeoMusic/Resources/NeoMusic-Bridging-Header.h";
				SWIFT_OPTIMIZATION_LEVEL = "-Onone";
				SWIFT_VERSION = 5.0;
				TARGETED_DEVICE_FAMILY = "1,2";
			};
			name = Debug;
		};
		0EB94A4E2463961700BC6717 /* Release */ = {
			isa = XCBuildConfiguration;
			buildSettings = {
				ASSETCATALOG_COMPILER_APPICON_NAME = AppIcon;
				CLANG_ENABLE_MODULES = YES;
				CODE_SIGN_STYLE = Automatic;
				DEVELOPMENT_TEAM = HFR8F4BT7E;
				FRAMEWORK_SEARCH_PATHS = (
					"$(inherited)",
					"$(PROJECT_DIR)",
				);
				INFOPLIST_FILE = NeoMusic/Resources/Info.plist;
				IPHONEOS_DEPLOYMENT_TARGET = 13.0;
				LD_RUNPATH_SEARCH_PATHS = (
					"$(inherited)",
					"@executable_path/Frameworks",
				);
				PRODUCT_BUNDLE_IDENTIFIER = com.mazjap.NeoMusic;
				PRODUCT_NAME = "$(TARGET_NAME)";
				SWIFT_OBJC_BRIDGING_HEADER = "NeoMusic/Resources/NeoMusic-Bridging-Header.h";
				SWIFT_VERSION = 5.0;
				TARGETED_DEVICE_FAMILY = "1,2";
			};
			name = Release;
		};
/* End XCBuildConfiguration section */

/* Begin XCConfigurationList section */
		0EB94A332463961100BC6717 /* Build configuration list for PBXProject "NeoMusic" */ = {
			isa = XCConfigurationList;
			buildConfigurations = (
				0EB94A4A2463961700BC6717 /* Debug */,
				0EB94A4B2463961700BC6717 /* Release */,
			);
			defaultConfigurationIsVisible = 0;
			defaultConfigurationName = Release;
		};
		0EB94A4C2463961700BC6717 /* Build configuration list for PBXNativeTarget "NeoMusic" */ = {
			isa = XCConfigurationList;
			buildConfigurations = (
				0EB94A4D2463961700BC6717 /* Debug */,
				0EB94A4E2463961700BC6717 /* Release */,
			);
			defaultConfigurationIsVisible = 0;
			defaultConfigurationName = Release;
		};
/* End XCConfigurationList section */
	};
	rootObject = 0EB94A302463961100BC6717 /* Project object */;
}
